// !$*UTF8*$!
{
	archiveVersion = 1;
	classes = {
	};
	objectVersion = 110;
	objects = {

/* Begin PBXBuildFile section */
		1F7180223068033C00E82EA7 /* Fingerz Watch App.app in Embed Watch Content */ = {isa = PBXBuildFile; fileRef = 1F7180213068033C00E82EA7 /* Fingerz Watch App.app */; settings = {ATTRIBUTES = (RemoveHeadersOnCopy, ); }; };
/* End PBXBuildFile section */

/* Begin PBXContainerItemProxy section */
		1F7180233068033C00E82EA7 /* PBXContainerItemProxy */ = {
			isa = PBXContainerItemProxy;
			containerPortal = 1F7180153068033B00E82EA7 /* Project object */;
			proxyType = 1;
			remoteGlobalIDString = 1F7180203068033C00E82EA7;
			remoteInfo = "Fingerz Watch App";
		};
		1F7180313068033D00E82EA7 /* PBXContainerItemProxy */ = {
			isa = PBXContainerItemProxy;
			containerPortal = 1F7180153068033B00E82EA7 /* Project object */;
			proxyType = 1;
			remoteGlobalIDString = 1F7180203068033C00E82EA7;
			remoteInfo = "Fingerz Watch App";
		};
		1F71803B3068033D00E82EA7 /* PBXContainerItemProxy */ = {
			isa = PBXContainerItemProxy;
			containerPortal = 1F7180153068033B00E82EA7 /* Project object */;
			proxyType = 1;
			remoteGlobalIDString = 1F7180203068033C00E82EA7;
			remoteInfo = "Fingerz Watch App";
		};
/* End PBXContainerItemProxy section */

/* Begin PBXCopyFilesBuildPhase section */
		1F7180453068033D00E82EA7 /* Embed Watch Content */ = {
			isa = PBXCopyFilesBuildPhase;
			dstPath = "$(CONTENTS_FOLDER_PATH)/Watch";
			dstSubfolder = Product;
			files = (
				1F7180223068033C00E82EA7 /* Fingerz Watch App.app in Embed Watch Content */,
			);
			name = "Embed Watch Content";
		};
/* End PBXCopyFilesBuildPhase section */

/* Begin PBXFileReference section */
		1F71801B3068033C00E82EA7 /* Fingerz.app */ = {isa = PBXFileReference; explicitFileType = wrapper.application; includeInIndex = 0; path = Fingerz.app; sourceTree = BUILT_PRODUCTS_DIR; };
		1F7180213068033C00E82EA7 /* Fingerz Watch App.app */ = {isa = PBXFileReference; explicitFileType = wrapper.application; includeInIndex = 0; path = "Fingerz Watch App.app"; sourceTree = BUILT_PRODUCTS_DIR; };
		1F7180303068033D00E82EA7 /* Fingerz Watch AppTests.xctest */ = {isa = PBXFileReference; explicitFileType = wrapper.cfbundle; includeInIndex = 0; path = "Fingerz Watch AppTests.xctest"; sourceTree = BUILT_PRODUCTS_DIR; };
		1F71803A3068033D00E82EA7 /* Fingerz Watch AppUITests.xctest */ = {isa = PBXFileReference; explicitFileType = wrapper.cfbundle; includeInIndex = 0; path = "Fingerz Watch AppUITests.xctest"; sourceTree = BUILT_PRODUCTS_DIR; };
/* End PBXFileReference section */

/* Begin PBXFileSystemSynchronizedRootGroup section */
		1F7180253068033C00E82EA7 /* Fingerz Watch App */ = {
			isa = PBXFileSystemSynchronizedRootGroup;
			path = "Fingerz Watch App";
			sourceTree = "<group>";
		};
		1F7180333068033D00E82EA7 /* Fingerz Watch AppTests */ = {
			isa = PBXFileSystemSynchronizedRootGroup;
			path = "Fingerz Watch AppTests";
			sourceTree = "<group>";
		};
		1F71803D3068033D00E82EA7 /* Fingerz Watch AppUITests */ = {
			isa = PBXFileSystemSynchronizedRootGroup;
			path = "Fingerz Watch AppUITests";
			sourceTree = "<group>";
		};
/* End PBXFileSystemSynchronizedRootGroup section */

/* Begin PBXFrameworksBuildPhase section */
		1F71801E3068033C00E82EA7 /* Frameworks */ = {
			isa = PBXFrameworksBuildPhase;
			files = (
			);
		};
		1F71802D3068033D00E82EA7 /* Frameworks */ = {
			isa = PBXFrameworksBuildPhase;
			files = (
			);
		};
		1F7180373068033D00E82EA7 /* Frameworks */ = {
			isa = PBXFrameworksBuildPhase;
			files = (
			);
		};
/* End PBXFrameworksBuildPhase section */

/* Begin PBXGroup section */
		1F7180143068033B00E82EA7 = {
			isa = PBXGroup;
			children = (
				1F7180253068033C00E82EA7 /* Fingerz Watch App */,
				1F7180333068033D00E82EA7 /* Fingerz Watch AppTests */,
				1F71803D3068033D00E82EA7 /* Fingerz Watch AppUITests */,
				1F71801C3068033C00E82EA7 /* Products */,
			);
			sourceTree = "<group>";
		};
		1F71801C3068033C00E82EA7 /* Products */ = {
			isa = PBXGroup;
			children = (
				1F71801B3068033C00E82EA7 /* Fingerz.app */,
				1F7180213068033C00E82EA7 /* Fingerz Watch App.app */,
				1F7180303068033D00E82EA7 /* Fingerz Watch AppTests.xctest */,
				1F71803A3068033D00E82EA7 /* Fingerz Watch AppUITests.xctest */,
			);
			name = Products;
			sourceTree = "<group>";
		};
/* End PBXGroup section */

/* Begin PBXNativeTarget section */
		1F71801A3068033C00E82EA7 /* Fingerz */ = {
			isa = PBXNativeTarget;
			buildConfigurationList = 1F7180463068033D00E82EA7 /* Build configuration list for PBXNativeTarget "Fingerz" */;
			buildPhases = (
				1F7180193068033C00E82EA7 /* Resources */,
				1F7180453068033D00E82EA7 /* Embed Watch Content */,
			);
			buildRules = (
			);
			dependencies = (
				1F7180243068033C00E82EA7 /* PBXTargetDependency */,
			);
			name = Fingerz;
			productName = Fingerz;
			productReference = 1F71801B3068033C00E82EA7 /* Fingerz.app */;
			productType = "com.apple.product-type.application.watchapp2-container";
		};
		1F7180203068033C00E82EA7 /* Fingerz Watch App */ = {
			isa = PBXNativeTarget;
			buildConfigurationList = 1F7180423068033D00E82EA7 /* Build configuration list for PBXNativeTarget "Fingerz Watch App" */;
			buildPhases = (
				1F71801D3068033C00E82EA7 /* Sources */,
				1F71801E3068033C00E82EA7 /* Frameworks */,
				1F71801F3068033C00E82EA7 /* Resources */,
			);
			buildRules = (
			);
			fileSystemSynchronizedGroups = (
				1F7180253068033C00E82EA7 /* Fingerz Watch App */,
			);
			name = "Fingerz Watch App";
			productName = "Fingerz Watch App";
			productReference = 1F7180213068033C00E82EA7 /* Fingerz Watch App.app */;
			productType = "com.apple.product-type.application";
		};
		1F71802F3068033D00E82EA7 /* Fingerz Watch AppTests */ = {
			isa = PBXNativeTarget;
			buildConfigurationList = 1F7180493068033D00E82EA7 /* Build configuration list for PBXNativeTarget "Fingerz Watch AppTests" */;
			buildPhases = (
				1F71802C3068033D00E82EA7 /* Sources */,
				1F71802D3068033D00E82EA7 /* Frameworks */,
				1F71802E3068033D00E82EA7 /* Resources */,
			);
			buildRules = (
			);
			dependencies = (
				1F7180323068033D00E82EA7 /* PBXTargetDependency */,
			);
			fileSystemSynchronizedGroups = (
				1F7180333068033D00E82EA7 /* Fingerz Watch AppTests */,
			);
			name = "Fingerz Watch AppTests";
			productName = "Fingerz Watch AppTests";
			productReference = 1F7180303068033D00E82EA7 /* Fingerz Watch AppTests.xctest */;
			productType = "com.apple.product-type.bundle.unit-test";
		};
		1F7180393068033D00E82EA7 /* Fingerz Watch AppUITests */ = {
			isa = PBXNativeTarget;
			buildConfigurationList = 1F71804C3068033D00E82EA7 /* Build configuration list for PBXNativeTarget "Fingerz Watch AppUITests" */;
			buildPhases = (
				1F7180363068033D00E82EA7 /* Sources */,
				1F7180373068033D00E82EA7 /* Frameworks */,
				1F7180383068033D00E82EA7 /* Resources */,
			);
			buildRules = (
			);
			dependencies = (
				1F71803C3068033D00E82EA7 /* PBXTargetDependency */,
			);
			fileSystemSynchronizedGroups = (
				1F71803D3068033D00E82EA7 /* Fingerz Watch AppUITests */,
			);
			name = "Fingerz Watch AppUITests";
			productName = "Fingerz Watch AppUITests";
			productReference = 1F71803A3068033D00E82EA7 /* Fingerz Watch AppUITests.xctest */;
			productType = "com.apple.product-type.bundle.ui-testing";
		};
/* End PBXNativeTarget section */

/* Begin PBXProject section */
		1F7180153068033B00E82EA7 /* Project object */ = {
			isa = PBXProject;
			attributes = {
				BuildIndependentTargetsInParallel = 1;
				LastSwiftUpdateCheck = 2700;
				LastUpgradeCheck = 2700;
				TargetAttributes = {
					1F71801A3068033C00E82EA7 = {
						CreatedOnToolsVersion = 27.0;
					};
					1F7180203068033C00E82EA7 = {
						CreatedOnToolsVersion = 27.0;
					};
					1F71802F3068033D00E82EA7 = {
						CreatedOnToolsVersion = 27.0;
						TestTargetID = 1F7180203068033C00E82EA7;
					};
					1F7180393068033D00E82EA7 = {
						CreatedOnToolsVersion = 27.0;
						TestTargetID = 1F7180203068033C00E82EA7;
					};
				};
			};
			buildConfigurationList = 1F7180183068033B00E82EA7 /* Build configuration list for PBXProject "Fingerz" */;
			developmentRegion = en;
			hasScannedForEncodings = 0;
			knownRegions = (
				en,
				Base,
			);
			mainGroup = 1F7180143068033B00E82EA7;
			minimizedProjectReferenceProxies = 1;
			preferredProjectObjectVersion = 77;
			productRefGroup = 1F71801C3068033C00E82EA7 /* Products */;
			projectDirPath = "";
			projectRoot = "";
			targets = (
				1F71801A3068033C00E82EA7 /* Fingerz */,
				1F7180203068033C00E82EA7 /* Fingerz Watch App */,
				1F71802F3068033D00E82EA7 /* Fingerz Watch AppTests */,
				1F7180393068033D00E82EA7 /* Fingerz Watch AppUITests */,
			);
		};
/* End PBXProject section */

/* Begin PBXResourcesBuildPhase section */
		1F7180193068033C00E82EA7 /* Resources */ = {
			isa = PBXResourcesBuildPhase;
			files = (
			);
		};
		1F71801F3068033C00E82EA7 /* Resources */ = {
			isa = PBXResourcesBuildPhase;
			files = (
			);
		};
		1F71802E3068033D00E82EA7 /* Resources */ = {
			isa = PBXResourcesBuildPhase;
			files = (
			);
		};
		1F7180383068033D00E82EA7 /* Resources */ = {
			isa = PBXResourcesBuildPhase;
			files = (
			);
		};
/* End PBXResourcesBuildPhase section */

/* Begin PBXSourcesBuildPhase section */
		1F71801D3068033C00E82EA7 /* Sources */ = {
			isa = PBXSourcesBuildPhase;
			files = (
			);
		};
		1F71802C3068033D00E82EA7 /* Sources */ = {
			isa = PBXSourcesBuildPhase;
			files = (
			);
		};
		1F7180363068033D00E82EA7 /* Sources */ = {
			isa = PBXSourcesBuildPhase;
			files = (
			);
		};
/* End PBXSourcesBuildPhase section */

/* Begin PBXTargetDependency section */
		1F7180243068033C00E82EA7 /* PBXTargetDependency */ = {
			isa = PBXTargetDependency;
			target = 1F7180203068033C00E82EA7 /* Fingerz Watch App */;
			targetProxy = 1F7180233068033C00E82EA7 /* PBXContainerItemProxy */;
		};
		1F7180323068033D00E82EA7 /* PBXTargetDependency */ = {
			isa = PBXTargetDependency;
			target = 1F7180203068033C00E82EA7 /* Fingerz Watch App */;
			targetProxy = 1F7180313068033D00E82EA7 /* PBXContainerItemProxy */;
		};
		1F71803C3068033D00E82EA7 /* PBXTargetDependency */ = {
			isa = PBXTargetDependency;
			target = 1F7180203068033C00E82EA7 /* Fingerz Watch App */;
			targetProxy = 1F71803B3068033D00E82EA7 /* PBXContainerItemProxy */;
		};
/* End PBXTargetDependency section */

/* Begin XCBuildConfiguration section */
		1F7180403068033D00E82EA7 /* Debug configuration for PBXProject "Fingerz" */ = {
			isa = XCBuildConfiguration;
			buildSettings = {
				ALWAYS_SEARCH_USER_PATHS = NO;
				ASSETCATALOG_COMPILER_GENERATE_SWIFT_ASSET_SYMBOL_EXTENSIONS = YES;
				CLANG_ANALYZER_NONNULL = YES;
				CLANG_ANALYZER_NUMBER_OBJECT_CONVERSION = YES_AGGRESSIVE;
				CLANG_CXX_LANGUAGE_STANDARD = "gnu++20";
				CLANG_ENABLE_MODULES = YES;
				CLANG_ENABLE_OBJC_ARC = YES;
				CLANG_ENABLE_OBJC_WEAK = YES;
				CLANG_WARN_BLOCK_CAPTURE_AUTORELEASING = YES;
				CLANG_WARN_BOOL_CONVERSION = YES;
				CLANG_WARN_COMMA = YES;
				CLANG_WARN_CONSTANT_CONVERSION = YES;
				CLANG_WARN_DEPRECATED_OBJC_IMPLEMENTATIONS = YES;
				CLANG_WARN_DIRECT_OBJC_ISA_USAGE = YES_ERROR;
				CLANG_WARN_DOCUMENTATION_COMMENTS = YES;
				CLANG_WARN_EMPTY_BODY = YES;
				CLANG_WARN_ENUM_CONVERSION = YES;
				CLANG_WARN_INFINITE_RECURSION = YES;
				CLANG_WARN_INT_CONVERSION = YES;
				CLANG_WARN_NON_LITERAL_NULL_CONVERSION = YES;
				CLANG_WARN_OBJC_IMPLICIT_RETAIN_SELF = YES;
				CLANG_WARN_OBJC_LITERAL_CONVERSION = YES;
				CLANG_WARN_OBJC_ROOT_CLASS = YES_ERROR;
				CLANG_WARN_QUOTED_INCLUDE_IN_FRAMEWORK_HEADER = YES;
				CLANG_WARN_RANGE_LOOP_ANALYSIS = YES;
				CLANG_WARN_STRICT_PROTOTYPES = YES;
				CLANG_WARN_SUSPICIOUS_MOVE = YES;
				CLANG_WARN_UNGUARDED_AVAILABILITY = YES_AGGRESSIVE;
				CLANG_WARN_UNREACHABLE_CODE = YES;
				CLANG_WARN__DUPLICATE_METHOD_MATCH = YES;
				COPY_PHASE_STRIP = NO;
				DEBUG_INFORMATION_FORMAT = dwarf;
				DEVELOPMENT_TEAM = 933RBVDL8N;
				ENABLE_STRICT_OBJC_MSGSEND = YES;
				ENABLE_TESTABILITY = YES;
				ENABLE_USER_SCRIPT_SANDBOXING = YES;
				GCC_C_LANGUAGE_STANDARD = gnu17;
				GCC_DYNAMIC_NO_PIC = NO;
				GCC_NO_COMMON_BLOCKS = YES;
				GCC_OPTIMIZATION_LEVEL = 0;
				GCC_PREPROCESSOR_DEFINITIONS = (
					"DEBUG=1",
					"$(inherited)",
				);
				GCC_WARN_64_TO_32_BIT_CONVERSION = YES;
				GCC_WARN_ABOUT_RETURN_TYPE = YES_ERROR;
				GCC_WARN_UNDECLARED_SELECTOR = YES;
				GCC_WARN_UNINITIALIZED_AUTOS = YES_AGGRESSIVE;
				GCC_WARN_UNUSED_FUNCTION = YES;
				GCC_WARN_UNUSED_VARIABLE = YES;
				LOCALIZATION_PREFERS_STRING_CATALOGS = YES;
				MTL_ENABLE_DEBUG_INFO = INCLUDE_SOURCE;
				MTL_FAST_MATH = YES;
				ONLY_ACTIVE_ARCH = YES;
				SWIFT_ACTIVE_COMPILATION_CONDITIONS = "DEBUG $(inherited)";
				SWIFT_OPTIMIZATION_LEVEL = "-Onone";
			};
			name = Debug;
		};
		1F7180413068033D00E82EA7 /* Release configuration for PBXProject "Fingerz" */ = {
			isa = XCBuildConfiguration;
			buildSettings = {
				ALWAYS_SEARCH_USER_PATHS = NO;
				ASSETCATALOG_COMPILER_GENERATE_SWIFT_ASSET_SYMBOL_EXTENSIONS = YES;
				CLANG_ANALYZER_NONNULL = YES;
				CLANG_ANALYZER_NUMBER_OBJECT_CONVERSION = YES_AGGRESSIVE;
				CLANG_CXX_LANGUAGE_STANDARD = "gnu++20";
				CLANG_ENABLE_MODULES = YES;
				CLANG_ENABLE_OBJC_ARC = YES;
				CLANG_ENABLE_OBJC_WEAK = YES;
				CLANG_WARN_BLOCK_CAPTURE_AUTORELEASING = YES;
				CLANG_WARN_BOOL_CONVERSION = YES;
				CLANG_WARN_COMMA = YES;
				CLANG_WARN_CONSTANT_CONVERSION = YES;
				CLANG_WARN_DEPRECATED_OBJC_IMPLEMENTATIONS = YES;
				CLANG_WARN_DIRECT_OBJC_ISA_USAGE = YES_ERROR;
				CLANG_WARN_DOCUMENTATION_COMMENTS = YES;
				CLANG_WARN_EMPTY_BODY = YES;
				CLANG_WARN_ENUM_CONVERSION = YES;
				CLANG_WARN_INFINITE_RECURSION = YES;
				CLANG_WARN_INT_CONVERSION = YES;
				CLANG_WARN_NON_LITERAL_NULL_CONVERSION = YES;
				CLANG_WARN_OBJC_IMPLICIT_RETAIN_SELF = YES;
				CLANG_WARN_OBJC_LITERAL_CONVERSION = YES;
				CLANG_WARN_OBJC_ROOT_CLASS = YES_ERROR;
				CLANG_WARN_QUOTED_INCLUDE_IN_FRAMEWORK_HEADER = YES;
				CLANG_WARN_RANGE_LOOP_ANALYSIS = YES;
				CLANG_WARN_STRICT_PROTOTYPES = YES;
				CLANG_WARN_SUSPICIOUS_MOVE = YES;
				CLANG_WARN_UNGUARDED_AVAILABILITY = YES_AGGRESSIVE;
				CLANG_WARN_UNREACHABLE_CODE = YES;
				CLANG_WARN__DUPLICATE_METHOD_MATCH = YES;
				COPY_PHASE_STRIP = NO;
				DEBUG_INFORMATION_FORMAT = "dwarf-with-dsym";
				DEVELOPMENT_TEAM = 933RBVDL8N;
				ENABLE_NS_ASSERTIONS = NO;
				ENABLE_STRICT_OBJC_MSGSEND = YES;
				ENABLE_USER_SCRIPT_SANDBOXING = YES;
				GCC_C_LANGUAGE_STANDARD = gnu17;
				GCC_NO_COMMON_BLOCKS = YES;
				GCC_WARN_64_TO_32_BIT_CONVERSION = YES;
				GCC_WARN_ABOUT_RETURN_TYPE = YES_ERROR;
				GCC_WARN_UNDECLARED_SELECTOR = YES;
				GCC_WARN_UNINITIALIZED_AUTOS = YES_AGGRESSIVE;
				GCC_WARN_UNUSED_FUNCTION = YES;
				GCC_WARN_UNUSED_VARIABLE = YES;
				LOCALIZATION_PREFERS_STRING_CATALOGS = YES;
				MTL_ENABLE_DEBUG_INFO = NO;
				MTL_FAST_MATH = YES;
				SWIFT_COMPILATION_MODE = wholemodule;
			};
			name = Release;
		};
		1F7180433068033D00E82EA7 /* Debug configuration for PBXNativeTarget "Fingerz Watch App" */ = {
			isa = XCBuildConfiguration;
			buildSettings = {
				ASSETCATALOG_COMPILER_APPICON_NAME = AppIcon;
				ASSETCATALOG_COMPILER_GLOBAL_ACCENT_COLOR_NAME = AccentColor;
				CODE_SIGN_STYLE = Automatic;
				CURRENT_PROJECT_VERSION = 1;
				DEVELOPMENT_TEAM = 933RBVDL8N;
				ENABLE_PREVIEWS = YES;
				GENERATE_INFOPLIST_FILE = YES;
				INFOPLIST_KEY_CFBundleDisplayName = Fingerz;
				INFOPLIST_KEY_UISupportedInterfaceOrientations = "UIInterfaceOrientationPortrait UIInterfaceOrientationPortraitUpsideDown";
				INFOPLIST_KEY_WKWatchOnly = YES;
				LD_RUNPATH_SEARCH_PATHS = (
					"$(inherited)",
					"@executable_path/Frameworks",
				);
				MARKETING_VERSION = 1.0;
				PRODUCT_BUNDLE_IDENTIFIER = chimplanz.Fingerz.watchkitapp;
				PRODUCT_NAME = "$(TARGET_NAME)";
				SDKROOT = watchos;
				SKIP_INSTALL = YES;
				STRING_CATALOG_GENERATE_SYMBOLS = YES;
				SWIFT_APPROACHABLE_CONCURRENCY = YES;
				SWIFT_DEFAULT_ACTOR_ISOLATION = MainActor;
				SWIFT_EMIT_LOC_STRINGS = YES;
				SWIFT_UPCOMING_FEATURE_MEMBER_IMPORT_VISIBILITY = YES;
				SWIFT_VERSION = 5.0;
				TARGETED_DEVICE_FAMILY = 4;
				WATCHOS_DEPLOYMENT_TARGET = 27.0;
			};
			name = Debug;
		};
		1F7180443068033D00E82EA7 /* Release configuration for PBXNativeTarget "Fingerz Watch App" */ = {
			isa = XCBuildConfiguration;
			buildSettings = {
				ASSETCATALOG_COMPILER_APPICON_NAME = AppIcon;
				ASSETCATALOG_COMPILER_GLOBAL_ACCENT_COLOR_NAME = AccentColor;
				CODE_SIGN_STYLE = Automatic;
				CURRENT_PROJECT_VERSION = 1;
				DEVELOPMENT_TEAM = 933RBVDL8N;
				ENABLE_PREVIEWS = YES;
				GENERATE_INFOPLIST_FILE = YES;
				INFOPLIST_KEY_CFBundleDisplayName = Fingerz;
				INFOPLIST_KEY_UISupportedInterfaceOrientations = "UIInterfaceOrientationPortrait UIInterfaceOrientationPortraitUpsideDown";
				INFOPLIST_KEY_WKWatchOnly = YES;
				LD_RUNPATH_SEARCH_PATHS = (
					"$(inherited)",
					"@executable_path/Frameworks",
				);
				MARKETING_VERSION = 1.0;
				PRODUCT_BUNDLE_IDENTIFIER = chimplanz.Fingerz.watchkitapp;
				PRODUCT_NAME = "$(TARGET_NAME)";
				SDKROOT = watchos;
				SKIP_INSTALL = YES;
				STRING_CATALOG_GENERATE_SYMBOLS = YES;
				SWIFT_APPROACHABLE_CONCURRENCY = YES;
				SWIFT_DEFAULT_ACTOR_ISOLATION = MainActor;
				SWIFT_EMIT_LOC_STRINGS = YES;
				SWIFT_UPCOMING_FEATURE_MEMBER_IMPORT_VISIBILITY = YES;
				SWIFT_VERSION = 5.0;
				TARGETED_DEVICE_FAMILY = 4;
				VALIDATE_PRODUCT = YES;
				WATCHOS_DEPLOYMENT_TARGET = 27.0;
			};
			name = Release;
		};
		1F7180473068033D00E82EA7 /* Debug configuration for PBXNativeTarget "Fingerz" */ = {
			isa = XCBuildConfiguration;
			buildSettings = {
				CODE_SIGN_STYLE = Automatic;
				CURRENT_PROJECT_VERSION = 1;
				DEVELOPMENT_TEAM = 933RBVDL8N;
				INFOPLIST_KEY_CFBundleDisplayName = Fingerz;
				IPHONEOS_DEPLOYMENT_TARGET = 27.0;
				MARKETING_VERSION = 1.0;
				PRODUCT_BUNDLE_IDENTIFIER = chimplanz.Fingerz;
				PRODUCT_NAME = "$(TARGET_NAME)";
				SDKROOT = iphoneos;
				SWIFT_APPROACHABLE_CONCURRENCY = YES;
				SWIFT_UPCOMING_FEATURE_MEMBER_IMPORT_VISIBILITY = YES;
				SWIFT_VERSION = 5.0;
			};
			name = Debug;
		};
		1F7180483068033D00E82EA7 /* Release configuration for PBXNativeTarget "Fingerz" */ = {
			isa = XCBuildConfiguration;
			buildSettings = {
				CODE_SIGN_STYLE = Automatic;
				CURRENT_PROJECT_VERSION = 1;
				DEVELOPMENT_TEAM = 933RBVDL8N;
				INFOPLIST_KEY_CFBundleDisplayName = Fingerz;
				IPHONEOS_DEPLOYMENT_TARGET = 27.0;
				MARKETING_VERSION = 1.0;
				PRODUCT_BUNDLE_IDENTIFIER = chimplanz.Fingerz;
				PRODUCT_NAME = "$(TARGET_NAME)";
				SDKROOT = iphoneos;
				SWIFT_APPROACHABLE_CONCURRENCY = YES;
				SWIFT_UPCOMING_FEATURE_MEMBER_IMPORT_VISIBILITY = YES;
				SWIFT_VERSION = 5.0;
				VALIDATE_PRODUCT = YES;
			};
			name = Release;
		};
		1F71804A3068033D00E82EA7 /* Debug configuration for PBXNativeTarget "Fingerz Watch AppTests" */ = {
			isa = XCBuildConfiguration;
			buildSettings = {
				BUNDLE_LOADER = "$(TEST_HOST)";
				CODE_SIGN_STYLE = Automatic;
				CURRENT_PROJECT_VERSION = 1;
				DEVELOPMENT_TEAM = 933RBVDL8N;
				GENERATE_INFOPLIST_FILE = YES;
				MARKETING_VERSION = 1.0;
				PRODUCT_BUNDLE_IDENTIFIER = "chimplanz.Fingerz-Watch-AppTests";
				PRODUCT_NAME = "$(TARGET_NAME)";
				SDKROOT = watchos;
				STRING_CATALOG_GENERATE_SYMBOLS = NO;
				SWIFT_APPROACHABLE_CONCURRENCY = YES;
				SWIFT_EMIT_LOC_STRINGS = NO;
				SWIFT_UPCOMING_FEATURE_MEMBER_IMPORT_VISIBILITY = YES;
				SWIFT_VERSION = 5.0;
				TARGETED_DEVICE_FAMILY = 4;
				TEST_HOST = "$(BUILT_PRODUCTS_DIR)/Fingerz Watch App.app/$(BUNDLE_EXECUTABLE_FOLDER_PATH)/Fingerz Watch App";
				WATCHOS_DEPLOYMENT_TARGET = 27.0;
			};
			name = Debug;
		};
		1F71804B3068033D00E82EA7 /* Release configuration for PBXNativeTarget "Fingerz Watch AppTests" */ = {
			isa = XCBuildConfiguration;
			buildSettings = {
				BUNDLE_LOADER = "$(TEST_HOST)";
				CODE_SIGN_STYLE = Automatic;
				CURRENT_PROJECT_VERSION = 1;
				DEVELOPMENT_TEAM = 933RBVDL8N;
				GENERATE_INFOPLIST_FILE = YES;
				MARKETING_VERSION = 1.0;
				PRODUCT_BUNDLE_IDENTIFIER = "chimplanz.Fingerz-Watch-AppTests";
				PRODUCT_NAME = "$(TARGET_NAME)";
				SDKROOT = watchos;
				STRING_CATALOG_GENERATE_SYMBOLS = NO;
				SWIFT_APPROACHABLE_CONCURRENCY = YES;
				SWIFT_EMIT_LOC_STRINGS = NO;
				SWIFT_UPCOMING_FEATURE_MEMBER_IMPORT_VISIBILITY = YES;
				SWIFT_VERSION = 5.0;
				TARGETED_DEVICE_FAMILY = 4;
				TEST_HOST = "$(BUILT_PRODUCTS_DIR)/Fingerz Watch App.app/$(BUNDLE_EXECUTABLE_FOLDER_PATH)/Fingerz Watch App";
				VALIDATE_PRODUCT = YES;
				WATCHOS_DEPLOYMENT_TARGET = 27.0;
			};
			name = Release;
		};
		1F71804D3068033D00E82EA7 /* Debug configuration for PBXNativeTarget "Fingerz Watch AppUITests" */ = {
			isa = XCBuildConfiguration;
			buildSettings = {
				CODE_SIGN_STYLE = Automatic;
				CURRENT_PROJECT_VERSION = 1;
				DEVELOPMENT_TEAM = 933RBVDL8N;
				GENERATE_INFOPLIST_FILE = YES;
				MARKETING_VERSION = 1.0;
				PRODUCT_BUNDLE_IDENTIFIER = "chimplanz.Fingerz-Watch-AppUITests";
				PRODUCT_NAME = "$(TARGET_NAME)";
				SDKROOT = watchos;
				STRING_CATALOG_GENERATE_SYMBOLS = NO;
				SWIFT_APPROACHABLE_CONCURRENCY = YES;
				SWIFT_EMIT_LOC_STRINGS = NO;
				SWIFT_UPCOMING_FEATURE_MEMBER_IMPORT_VISIBILITY = YES;
				SWIFT_VERSION = 5.0;
				TARGETED_DEVICE_FAMILY = 4;
				TEST_TARGET_NAME = "Fingerz Watch App";
				WATCHOS_DEPLOYMENT_TARGET = 27.0;
			};
			name = Debug;
		};
		1F71804E3068033D00E82EA7 /* Release configuration for PBXNativeTarget "Fingerz Watch AppUITests" */ = {
			isa = XCBuildConfiguration;
			buildSettings = {
				CODE_SIGN_STYLE = Automatic;
				CURRENT_PROJECT_VERSION = 1;
				DEVELOPMENT_TEAM = 933RBVDL8N;
				GENERATE_INFOPLIST_FILE = YES;
				MARKETING_VERSION = 1.0;
				PRODUCT_BUNDLE_IDENTIFIER = "chimplanz.Fingerz-Watch-AppUITests";
				PRODUCT_NAME = "$(TARGET_NAME)";
				SDKROOT = watchos;
				STRING_CATALOG_GENERATE_SYMBOLS = NO;
				SWIFT_APPROACHABLE_CONCURRENCY = YES;
				SWIFT_EMIT_LOC_STRINGS = NO;
				SWIFT_UPCOMING_FEATURE_MEMBER_IMPORT_VISIBILITY = YES;
				SWIFT_VERSION = 5.0;
				TARGETED_DEVICE_FAMILY = 4;
				TEST_TARGET_NAME = "Fingerz Watch App";
				VALIDATE_PRODUCT = YES;
				WATCHOS_DEPLOYMENT_TARGET = 27.0;
			};
			name = Release;
		};
/* End XCBuildConfiguration section */

/* Begin XCConfigurationList section */
		1F7180183068033B00E82EA7 /* Build configuration list for PBXProject "Fingerz" */ = {
			isa = XCConfigurationList;
			buildConfigurations = (
				1F7180403068033D00E82EA7 /* Debug configuration for PBXProject "Fingerz" */,
				1F7180413068033D00E82EA7 /* Release configuration for PBXProject "Fingerz" */,
			);
			defaultConfigurationName = Release;
		};
		1F7180423068033D00E82EA7 /* Build configuration list for PBXNativeTarget "Fingerz Watch App" */ = {
			isa = XCConfigurationList;
			buildConfigurations = (
				1F7180433068033D00E82EA7 /* Debug configuration for PBXNativeTarget "Fingerz Watch App" */,
				1F7180443068033D00E82EA7 /* Release configuration for PBXNativeTarget "Fingerz Watch App" */,
			);
			defaultConfigurationName = Release;
		};
		1F7180463068033D00E82EA7 /* Build configuration list for PBXNativeTarget "Fingerz" */ = {
			isa = XCConfigurationList;
			buildConfigurations = (
				1F7180473068033D00E82EA7 /* Debug configuration for PBXNativeTarget "Fingerz" */,
				1F7180483068033D00E82EA7 /* Release configuration for PBXNativeTarget "Fingerz" */,
			);
			defaultConfigurationName = Release;
		};
		1F7180493068033D00E82EA7 /* Build configuration list for PBXNativeTarget "Fingerz Watch AppTests" */ = {
			isa = XCConfigurationList;
			buildConfigurations = (
				1F71804A3068033D00E82EA7 /* Debug configuration for PBXNativeTarget "Fingerz Watch AppTests" */,
				1F71804B3068033D00E82EA7 /* Release configuration for PBXNativeTarget "Fingerz Watch AppTests" */,
			);
			defaultConfigurationName = Release;
		};
		1F71804C3068033D00E82EA7 /* Build configuration list for PBXNativeTarget "Fingerz Watch AppUITests" */ = {
			isa = XCConfigurationList;
			buildConfigurations = (
				1F71804D3068033D00E82EA7 /* Debug configuration for PBXNativeTarget "Fingerz Watch AppUITests" */,
				1F71804E3068033D00E82EA7 /* Release configuration for PBXNativeTarget "Fingerz Watch AppUITests" */,
			);
			defaultConfigurationName = Release;
		};
/* End XCConfigurationList section */
	};
	rootObject = 1F7180153068033B00E82EA7 /* Project object */;
	validationLevel = 1;
}
